PODS:
  - AgoraRtcEngine_iOS (3.3.0)
  - AgoraRtm_iOS (1.4.2)

DEPENDENCIES:
  - AgoraRtcEngine_iOS (= 3.3.0)
  - AgoraRtm_iOS (= 1.4.2)

SPEC REPOS:
  trunk:
    - AgoraRtcEngine_iOS
    - AgoraRtm_iOS

SPEC CHECKSUMS:
  AgoraRtcEngine_iOS: 1a0adbf959ab5175b700c8bab30b1346fc27ef1a
  AgoraRtm_iOS: 5fb55028ec41659a8d88bebecc5c95a742102d4f

PODFILE CHECKSUM: 11d48ed3755dbd28a5011bdb4800a1b1e86975c1

COCOAPODS: 1.10.1
