// !$*UTF8*$!
{
	archiveVersion = 1;
	classes = {
	};
	objectVersion = 50;
	objects = {

/* Begin PBXBuildFile section */
		BD15F6D925E88B4E002B0A0A /* AppDelegate.swift in Sources */ = {isa = PBXBuildFile; fileRef = BD15F6D825E88B4E002B0A0A /* AppDelegate.swift */; };
		BD15F6DB25E88B4E002B0A0A /* SceneDelegate.swift in Sources */ = {isa = PBXBuildFile; fileRef = BD15F6DA25E88B4E002B0A0A /* SceneDelegate.swift */; };
		BD15F6DD25E88B4E002B0A0A /* ContentView.swift in Sources */ = {isa = PBXBuildFile; fileRef = BD15F6DC25E88B4E002B0A0A /* ContentView.swift */; };
		BD15F6DF25E88B50002B0A0A /* Assets.xcassets in Resources */ = {isa = PBXBuildFile; fileRef = BD15F6DE25E88B50002B0A0A /* Assets.xcassets */; };
		BD15F6E225E88B50002B0A0A /* Preview Assets.xcassets in Resources */ = {isa = PBXBuildFile; fileRef = BD15F6E125E88B50002B0A0A /* Preview Assets.xcassets */; };
		BD15F6E525E88B50002B0A0A /* LaunchScreen.storyboard in Resources */ = {isa = PBXBuildFile; fileRef = BD15F6E325E88B50002B0A0A /* LaunchScreen.storyboard */; };
		BD15F6F025E88B50002B0A0A /* AgoraSampleTests.swift in Sources */ = {isa = PBXBuildFile; fileRef = BD15F6EF25E88B50002B0A0A /* AgoraSampleTests.swift */; };
		BD15F6FB25E88B50002B0A0A /* AgoraSampleUITests.swift in Sources */ = {isa = PBXBuildFile; fileRef = BD15F6FA25E88B50002B0A0A /* AgoraSampleUITests.swift */; };
		EAE8A4345F7FE7175F39A749 /* libPods-AgoraSample.a in Frameworks */ = {isa = PBXBuildFile; fileRef = 9E43FC2673CAF9490071AA86 /* libPods-AgoraSample.a */; };
/* End PBXBuildFile section */

/* Begin PBXContainerItemProxy section */
		BD15F6EC25E88B50002B0A0A /* PBXContainerItemProxy */ = {
			isa = PBXContainerItemProxy;
			containerPortal = BD15F6CD25E88B4E002B0A0A /* Project object */;
			proxyType = 1;
			remoteGlobalIDString = BD15F6D425E88B4E002B0A0A;
			remoteInfo = AgoraSample;
		};
		BD15F6F725E88B50002B0A0A /* PBXContainerItemProxy */ = {
			isa = PBXContainerItemProxy;
			containerPortal = BD15F6CD25E88B4E002B0A0A /* Project object */;
			proxyType = 1;
			remoteGlobalIDString = BD15F6D425E88B4E002B0A0A;
			remoteInfo = AgoraSample;
		};
/* End PBXContainerItemProxy section */

/* Begin PBXFileReference section */
		927187BD3CFBAABBCC2BDC0E /* Pods-AgoraSample.release.xcconfig */ = {isa = PBXFileReference; includeInIndex = 1; lastKnownFileType = text.xcconfig; name = "Pods-AgoraSample.release.xcconfig"; path = "Target Support Files/Pods-AgoraSample/Pods-AgoraSample.release.xcconfig"; sourceTree = "<group>"; };
		9E43FC2673CAF9490071AA86 /* libPods-AgoraSample.a */ = {isa = PBXFileReference; explicitFileType = archive.ar; includeInIndex = 0; path = "libPods-AgoraSample.a"; sourceTree = BUILT_PRODUCTS_DIR; };
		BB49901A899080EB776A65E9 /* Pods-AgoraSample.debug.xcconfig */ = {isa = PBXFileReference; includeInIndex = 1; lastKnownFileType = text.xcconfig; name = "Pods-AgoraSample.debug.xcconfig"; path = "Target Support Files/Pods-AgoraSample/Pods-AgoraSample.debug.xcconfig"; sourceTree = "<group>"; };
		BD15F6D525E88B4E002B0A0A /* AgoraSample.app */ = {isa = PBXFileReference; explicitFileType = wrapper.application; includeInIndex = 0; path = AgoraSample.app; sourceTree = BUILT_PRODUCTS_DIR; };
		BD15F6D825E88B4E002B0A0A /* AppDelegate.swift */ = {isa = PBXFileReference; lastKnownFileType = sourcecode.swift; path = AppDelegate.swift; sourceTree = "<group>"; };
		BD15F6DA25E88B4E002B0A0A /* SceneDelegate.swift */ = {isa = PBXFileReference; lastKnownFileType = sourcecode.swift; path = SceneDelegate.swift; sourceTree = "<group>"; };
		BD15F6DC25E88B4E002B0A0A /* ContentView.swift */ = {isa = PBXFileReference; lastKnownFileType = sourcecode.swift; path = ContentView.swift; sourceTree = "<group>"; };
		BD15F6DE25E88B50002B0A0A /* Assets.xcassets */ = {isa = PBXFileReference; lastKnownFileType = folder.assetcatalog; path = Assets.xcassets; sourceTree = "<group>"; };
		BD15F6E125E88B50002B0A0A /* Preview Assets.xcassets */ = {isa = PBXFileReference; lastKnownFileType = folder.assetcatalog; path = "Preview Assets.xcassets"; sourceTree = "<group>"; };
		BD15F6E425E88B50002B0A0A /* Base */ = {isa = PBXFileReference; lastKnownFileType = file.storyboard; name = Base; path = Base.lproj/LaunchScreen.storyboard; sourceTree = "<group>"; };
		BD15F6E625E88B50002B0A0A /* Info.plist */ = {isa = PBXFileReference; lastKnownFileType = text.plist.xml; path = Info.plist; sourceTree = "<group>"; };
		BD15F6EB25E88B50002B0A0A /* AgoraSampleTests.xctest */ = {isa = PBXFileReference; explicitFileType = wrapper.cfbundle; includeInIndex = 0; path = AgoraSampleTests.xctest; sourceTree = BUILT_PRODUCTS_DIR; };
		BD15F6EF25E88B50002B0A0A /* AgoraSampleTests.swift */ = {isa = PBXFileReference; lastKnownFileType = sourcecode.swift; path = AgoraSampleTests.swift; sourceTree = "<group>"; };
		BD15F6F125E88B50002B0A0A /* Info.plist */ = {isa = PBXFileReference; lastKnownFileType = text.plist.xml; path = Info.plist; sourceTree = "<group>"; };
		BD15F6F625E88B50002B0A0A /* AgoraSampleUITests.xctest */ = {isa = PBXFileReference; explicitFileType = wrapper.cfbundle; includeInIndex = 0; path = AgoraSampleUITests.xctest; sourceTree = BUILT_PRODUCTS_DIR; };
		BD15F6FA25E88B50002B0A0A /* AgoraSampleUITests.swift */ = {isa = PBXFileReference; lastKnownFileType = sourcecode.swift; path = AgoraSampleUITests.swift; sourceTree = "<group>"; };
		BD15F6FC25E88B50002B0A0A /* Info.plist */ = {isa = PBXFileReference; lastKnownFileType = text.plist.xml; path = Info.plist; sourceTree = "<group>"; };
/* End PBXFileReference section */

/* Begin PBXFrameworksBuildPhase section */
		BD15F6D225E88B4E002B0A0A /* Frameworks */ = {
			isa = PBXFrameworksBuildPhase;
			buildActionMask = 2147483647;
			files = (
				EAE8A4345F7FE7175F39A749 /* libPods-AgoraSample.a in Frameworks */,
			);
			runOnlyForDeploymentPostprocessing = 0;
		};
		BD15F6E825E88B50002B0A0A /* Frameworks */ = {
			isa = PBXFrameworksBuildPhase;
			buildActionMask = 2147483647;
			files = (
			);
			runOnlyForDeploymentPostprocessing = 0;
		};
		BD15F6F325E88B50002B0A0A /* Frameworks */ = {
			isa = PBXFrameworksBuildPhase;
			buildActionMask = 2147483647;
			files = (
			);
			runOnlyForDeploymentPostprocessing = 0;
		};
/* End PBXFrameworksBuildPhase section */

/* Begin PBXGroup section */
		136B0E5E6D604A3ABF7AA3E0 /* Frameworks */ = {
			isa = PBXGroup;
			children = (
				9E43FC2673CAF9490071AA86 /* libPods-AgoraSample.a */,
			);
			name = Frameworks;
			sourceTree = "<group>";
		};
		8A1AF240C9838D5B8B541A3D /* Pods */ = {
			isa = PBXGroup;
			children = (
				BB49901A899080EB776A65E9 /* Pods-AgoraSample.debug.xcconfig */,
				927187BD3CFBAABBCC2BDC0E /* Pods-AgoraSample.release.xcconfig */,
			);
			name = Pods;
			path = Pods;
			sourceTree = "<group>";
		};
		BD15F6CC25E88B4E002B0A0A = {
			isa = PBXGroup;
			children = (
				BD15F6D725E88B4E002B0A0A /* AgoraSample */,
				BD15F6EE25E88B50002B0A0A /* AgoraSampleTests */,
				BD15F6F925E88B50002B0A0A /* AgoraSampleUITests */,
				BD15F6D625E88B4E002B0A0A /* Products */,
				8A1AF240C9838D5B8B541A3D /* Pods */,
				136B0E5E6D604A3ABF7AA3E0 /* Frameworks */,
			);
			sourceTree = "<group>";
		};
		BD15F6D625E88B4E002B0A0A /* Products */ = {
			isa = PBXGroup;
			children = (
				BD15F6D525E88B4E002B0A0A /* AgoraSample.app */,
				BD15F6EB25E88B50002B0A0A /* AgoraSampleTests.xctest */,
				BD15F6F625E88B50002B0A0A /* AgoraSampleUITests.xctest */,
			);
			name = Products;
			sourceTree = "<group>";
		};
		BD15F6D725E88B4E002B0A0A /* AgoraSample */ = {
			isa = PBXGroup;
			children = (
				BD15F6D825E88B4E002B0A0A /* AppDelegate.swift */,
				BD15F6DA25E88B4E002B0A0A /* SceneDelegate.swift */,
				BD15F6DC25E88B4E002B0A0A /* ContentView.swift */,
				BD15F6DE25E88B50002B0A0A /* Assets.xcassets */,
				BD15F6E325E88B50002B0A0A /* LaunchScreen.storyboard */,
				BD15F6E625E88B50002B0A0A /* Info.plist */,
				BD15F6E025E88B50002B0A0A /* Preview Content */,
			);
			path = AgoraSample;
			sourceTree = "<group>";
		};
		BD15F6E025E88B50002B0A0A /* Preview Content */ = {
			isa = PBXGroup;
			children = (
				BD15F6E125E88B50002B0A0A /* Preview Assets.xcassets */,
			);
			path = "Preview Content";
			sourceTree = "<group>";
		};
		BD15F6EE25E88B50002B0A0A /* AgoraSampleTests */ = {
			isa = PBXGroup;
			children = (
				BD15F6EF25E88B50002B0A0A /* AgoraSampleTests.swift */,
				BD15F6F125E88B50002B0A0A /* Info.plist */,
			);
			path = AgoraSampleTests;
			sourceTree = "<group>";
		};
		BD15F6F925E88B50002B0A0A /* AgoraSampleUITests */ = {
			isa = PBXGroup;
			children = (
				BD15F6FA25E88B50002B0A0A /* AgoraSampleUITests.swift */,
				BD15F6FC25E88B50002B0A0A /* Info.plist */,
			);
			path = AgoraSampleUITests;
			sourceTree = "<group>";
		};
/* End PBXGroup section */

/* Begin PBXNativeTarget section */
		BD15F6D425E88B4E002B0A0A /* AgoraSample */ = {
			isa = PBXNativeTarget;
			buildConfigurationList = BD15F6FF25E88B50002B0A0A /* Build configuration list for PBXNativeTarget "AgoraSample" */;
			buildPhases = (
				05DCC4CB1A270E95C41BAAF7 /* [CP] Check Pods Manifest.lock */,
				BD15F6D125E88B4E002B0A0A /* Sources */,
				BD15F6D225E88B4E002B0A0A /* Frameworks */,
				BD15F6D325E88B4E002B0A0A /* Resources */,
				24010DCA4F976BAA7B094D64 /* [CP] Embed Pods Frameworks */,
			);
			buildRules = (
			);
			dependencies = (
			);
			name = AgoraSample;
			productName = AgoraSample;
			productReference = BD15F6D525E88B4E002B0A0A /* AgoraSample.app */;
			productType = "com.apple.product-type.application";
		};
		BD15F6EA25E88B50002B0A0A /* AgoraSampleTests */ = {
			isa = PBXNativeTarget;
			buildConfigurationList = BD15F70225E88B50002B0A0A /* Build configuration list for PBXNativeTarget "AgoraSampleTests" */;
			buildPhases = (
				BD15F6E725E88B50002B0A0A /* Sources */,
				BD15F6E825E88B50002B0A0A /* Frameworks */,
				BD15F6E925E88B50002B0A0A /* Resources */,
			);
			buildRules = (
			);
			dependencies = (
				BD15F6ED25E88B50002B0A0A /* PBXTargetDependency */,
			);
			name = AgoraSampleTests;
			productName = AgoraSampleTests;
			productReference = BD15F6EB25E88B50002B0A0A /* AgoraSampleTests.xctest */;
			productType = "com.apple.product-type.bundle.unit-test";
		};
		BD15F6F525E88B50002B0A0A /* AgoraSampleUITests */ = {
			isa = PBXNativeTarget;
			buildConfigurationList = BD15F70525E88B50002B0A0A /* Build configuration list for PBXNativeTarget "AgoraSampleUITests" */;
			buildPhases = (
				BD15F6F225E88B50002B0A0A /* Sources */,
				BD15F6F325E88B50002B0A0A /* Frameworks */,
				BD15F6F425E88B50002B0A0A /* Resources */,
			);
			buildRules = (
			);
			dependencies = (
				BD15F6F825E88B50002B0A0A /* PBXTargetDependency */,
			);
			name = AgoraSampleUITests;
			productName = AgoraSampleUITests;
			productReference = BD15F6F625E88B50002B0A0A /* AgoraSampleUITests.xctest */;
			productType = "com.apple.product-type.bundle.ui-testing";
		};
/* End PBXNativeTarget section */

/* Begin PBXProject section */
		BD15F6CD25E88B4E002B0A0A /* Project object */ = {
			isa = PBXProject;
			attributes = {
				LastSwiftUpdateCheck = 1240;
				LastUpgradeCheck = 1240;
				TargetAttributes = {
					BD15F6D425E88B4E002B0A0A = {
						CreatedOnToolsVersion = 12.4;
					};
					BD15F6EA25E88B50002B0A0A = {
						CreatedOnToolsVersion = 12.4;
						TestTargetID = BD15F6D425E88B4E002B0A0A;
					};
					BD15F6F525E88B50002B0A0A = {
						CreatedOnToolsVersion = 12.4;
						TestTargetID = BD15F6D425E88B4E002B0A0A;
					};
				};
			};
			buildConfigurationList = BD15F6D025E88B4E002B0A0A /* Build configuration list for PBXProject "AgoraSample" */;
			compatibilityVersion = "Xcode 9.3";
			developmentRegion = en;
			hasScannedForEncodings = 0;
			knownRegions = (
				en,
				Base,
			);
			mainGroup = BD15F6CC25E88B4E002B0A0A;
			productRefGroup = BD15F6D625E88B4E002B0A0A /* Products */;
			projectDirPath = "";
			projectRoot = "";
			targets = (
				BD15F6D425E88B4E002B0A0A /* AgoraSample */,
				BD15F6EA25E88B50002B0A0A /* AgoraSampleTests */,
				BD15F6F525E88B50002B0A0A /* AgoraSampleUITests */,
			);
		};
/* End PBXProject section */

/* Begin PBXResourcesBuildPhase section */
		BD15F6D325E88B4E002B0A0A /* Resources */ = {
			isa = PBXResourcesBuildPhase;
			buildActionMask = 2147483647;
			files = (
				BD15F6E525E88B50002B0A0A /* LaunchScreen.storyboard in Resources */,
				BD15F6E225E88B50002B0A0A /* Preview Assets.xcassets in Resources */,
				BD15F6DF25E88B50002B0A0A /* Assets.xcassets in Resources */,
			);
			runOnlyForDeploymentPostprocessing = 0;
		};
		BD15F6E925E88B50002B0A0A /* Resources */ = {
			isa = PBXResourcesBuildPhase;
			buildActionMask = 2147483647;
			files = (
			);
			runOnlyForDeploymentPostprocessing = 0;
		};
		BD15F6F425E88B50002B0A0A /* Resources */ = {
			isa = PBXResourcesBuildPhase;
			buildActionMask = 2147483647;
			files = (
			);
			runOnlyForDeploymentPostprocessing = 0;
		};
/* End PBXResourcesBuildPhase section */

/* Begin PBXShellScriptBuildPhase section */
		05DCC4CB1A270E95C41BAAF7 /* [CP] Check Pods Manifest.lock */ = {
			isa = PBXShellScriptBuildPhase;
			buildActionMask = 2147483647;
			files = (
			);
			inputFileListPaths = (
			);
			inputPaths = (
				"${PODS_PODFILE_DIR_PATH}/Podfile.lock",
				"${PODS_ROOT}/Manifest.lock",
			);
			name = "[CP] Check Pods Manifest.lock";
			outputFileListPaths = (
			);
			outputPaths = (
				"$(DERIVED_FILE_DIR)/Pods-AgoraSample-checkManifestLockResult.txt",
			);
			runOnlyForDeploymentPostprocessing = 0;
			shellPath = /bin/sh;
			shellScript = "diff \"${PODS_PODFILE_DIR_PATH}/Podfile.lock\" \"${PODS_ROOT}/Manifest.lock\" > /dev/null\nif [ $? != 0 ] ; then\n    # print error to STDERR\n    echo \"error: The sandbox is not in sync with the Podfile.lock. Run 'pod install' or update your CocoaPods installation.\" >&2\n    exit 1\nfi\n# This output is used by Xcode 'outputs' to avoid re-running this script phase.\necho \"SUCCESS\" > \"${SCRIPT_OUTPUT_FILE_0}\"\n";
			showEnvVarsInLog = 0;
		};
		24010DCA4F976BAA7B094D64 /* [CP] Embed Pods Frameworks */ = {
			isa = PBXShellScriptBuildPhase;
			buildActionMask = 2147483647;
			files = (
			);
			inputFileListPaths = (
				"${PODS_ROOT}/Target Support Files/Pods-AgoraSample/Pods-AgoraSample-frameworks-${CONFIGURATION}-input-files.xcfilelist",
			);
			name = "[CP] Embed Pods Frameworks";
			outputFileListPaths = (
				"${PODS_ROOT}/Target Support Files/Pods-AgoraSample/Pods-AgoraSample-frameworks-${CONFIGURATION}-output-files.xcfilelist",
			);
			runOnlyForDeploymentPostprocessing = 0;
			shellPath = /bin/sh;
			shellScript = "\"${PODS_ROOT}/Target Support Files/Pods-AgoraSample/Pods-AgoraSample-frameworks.sh\"\n";
			showEnvVarsInLog = 0;
		};
/* End PBXShellScriptBuildPhase section */

/* Begin PBXSourcesBuildPhase section */
		BD15F6D125E88B4E002B0A0A /* Sources */ = {
			isa = PBXSourcesBuildPhase;
			buildActionMask = 2147483647;
			files = (
				BD15F6D925E88B4E002B0A0A /* AppDelegate.swift in Sources */,
				BD15F6DB25E88B4E002B0A0A /* SceneDelegate.swift in Sources */,
				BD15F6DD25E88B4E002B0A0A /* ContentView.swift in Sources */,
			);
			runOnlyForDeploymentPostprocessing = 0;
		};
		BD15F6E725E88B50002B0A0A /* Sources */ = {
			isa = PBXSourcesBuildPhase;
			buildActionMask = 2147483647;
			files = (
				BD15F6F025E88B50002B0A0A /* AgoraSampleTests.swift in Sources */,
			);
			runOnlyForDeploymentPostprocessing = 0;
		};
		BD15F6F225E88B50002B0A0A /* Sources */ = {
			isa = PBXSourcesBuildPhase;
			buildActionMask = 2147483647;
			files = (
				BD15F6FB25E88B50002B0A0A /* AgoraSampleUITests.swift in Sources */,
			);
			runOnlyForDeploymentPostprocessing = 0;
		};
/* End PBXSourcesBuildPhase section */

/* Begin PBXTargetDependency section */
		BD15F6ED25E88B50002B0A0A /* PBXTargetDependency */ = {
			isa = PBXTargetDependency;
			target = BD15F6D425E88B4E002B0A0A /* AgoraSample */;
			targetProxy = BD15F6EC25E88B50002B0A0A /* PBXContainerItemProxy */;
		};
		BD15F6F825E88B50002B0A0A /* PBXTargetDependency */ = {
			isa = PBXTargetDependency;
			target = BD15F6D425E88B4E002B0A0A /* AgoraSample */;
			targetProxy = BD15F6F725E88B50002B0A0A /* PBXContainerItemProxy */;
		};
/* End PBXTargetDependency section */

/* Begin PBXVariantGroup section */
		BD15F6E325E88B50002B0A0A /* LaunchScreen.storyboard */ = {
			isa = PBXVariantGroup;
			children = (
				BD15F6E425E88B50002B0A0A /* Base */,
			);
			name = LaunchScreen.storyboard;
			sourceTree = "<group>";
		};
/* End PBXVariantGroup section */

/* Begin XCBuildConfiguration section */
		BD15F6FD25E88B50002B0A0A /* Debug */ = {
			isa = XCBuildConfiguration;
			buildSettings = {
				ALWAYS_SEARCH_USER_PATHS = NO;
				CLANG_ANALYZER_NONNULL = YES;
				CLANG_ANALYZER_NUMBER_OBJECT_CONVERSION = YES_AGGRESSIVE;
				CLANG_CXX_LANGUAGE_STANDARD = "gnu++14";
				CLANG_CXX_LIBRARY = "libc++";
				CLANG_ENABLE_MODULES = YES;
				CLANG_ENABLE_OBJC_ARC = YES;
				CLANG_ENABLE_OBJC_WEAK = YES;
				CLANG_WARN_BLOCK_CAPTURE_AUTORELEASING = YES;
				CLANG_WARN_BOOL_CONVERSION = YES;
				CLANG_WARN_COMMA = YES;
				CLANG_WARN_CONSTANT_CONVERSION = YES;
				CLANG_WARN_DEPRECATED_OBJC_IMPLEMENTATIONS = YES;
				CLANG_WARN_DIRECT_OBJC_ISA_USAGE = YES_ERROR;
				CLANG_WARN_DOCUMENTATION_COMMENTS = YES;
				CLANG_WARN_EMPTY_BODY = YES;
				CLANG_WARN_ENUM_CONVERSION = YES;
				CLANG_WARN_INFINITE_RECURSION = YES;
				CLANG_WARN_INT_CONVERSION = YES;
				CLANG_WARN_NON_LITERAL_NULL_CONVERSION = YES;
				CLANG_WARN_OBJC_IMPLICIT_RETAIN_SELF = YES;
				CLANG_WARN_OBJC_LITERAL_CONVERSION = YES;
				CLANG_WARN_OBJC_ROOT_CLASS = YES_ERROR;
				CLANG_WARN_QUOTED_INCLUDE_IN_FRAMEWORK_HEADER = YES;
				CLANG_WARN_RANGE_LOOP_ANALYSIS = YES;
				CLANG_WARN_STRICT_PROTOTYPES = YES;
				CLANG_WARN_SUSPICIOUS_MOVE = YES;
				CLANG_WARN_UNGUARDED_AVAILABILITY = YES_AGGRESSIVE;
				CLANG_WARN_UNREACHABLE_CODE = YES;
				CLANG_WARN__DUPLICATE_METHOD_MATCH = YES;
				COPY_PHASE_STRIP = NO;
				DEBUG_INFORMATION_FORMAT = dwarf;
				ENABLE_STRICT_OBJC_MSGSEND = YES;
				ENABLE_TESTABILITY = YES;
				GCC_C_LANGUAGE_STANDARD = gnu11;
				GCC_DYNAMIC_NO_PIC = NO;
				GCC_NO_COMMON_BLOCKS = YES;
				GCC_OPTIMIZATION_LEVEL = 0;
				GCC_PREPROCESSOR_DEFINITIONS = (
					"DEBUG=1",
					"$(inherited)",
				);
				GCC_WARN_64_TO_32_BIT_CONVERSION = YES;
				GCC_WARN_ABOUT_RETURN_TYPE = YES_ERROR;
				GCC_WARN_UNDECLARED_SELECTOR = YES;
				GCC_WARN_UNINITIALIZED_AUTOS = YES_AGGRESSIVE;
				GCC_WARN_UNUSED_FUNCTION = YES;
				GCC_WARN_UNUSED_VARIABLE = YES;
				IPHONEOS_DEPLOYMENT_TARGET = 14.4;
				MTL_ENABLE_DEBUG_INFO = INCLUDE_SOURCE;
				MTL_FAST_MATH = YES;
				ONLY_ACTIVE_ARCH = YES;
				SDKROOT = iphoneos;
				SWIFT_ACTIVE_COMPILATION_CONDITIONS = DEBUG;
				SWIFT_OPTIMIZATION_LEVEL = "-Onone";
			};
			name = Debug;
		};
		BD15F6FE25E88B50002B0A0A /* Release */ = {
			isa = XCBuildConfiguration;
			buildSettings = {
				ALWAYS_SEARCH_USER_PATHS = NO;
				CLANG_ANALYZER_NONNULL = YES;
				CLANG_ANALYZER_NUMBER_OBJECT_CONVERSION = YES_AGGRESSIVE;
				CLANG_CXX_LANGUAGE_STANDARD = "gnu++14";
				CLANG_CXX_LIBRARY = "libc++";
				CLANG_ENABLE_MODULES = YES;
				CLANG_ENABLE_OBJC_ARC = YES;
				CLANG_ENABLE_OBJC_WEAK = YES;
				CLANG_WARN_BLOCK_CAPTURE_AUTORELEASING = YES;
				CLANG_WARN_BOOL_CONVERSION = YES;
				CLANG_WARN_COMMA = YES;
				CLANG_WARN_CONSTANT_CONVERSION = YES;
				CLANG_WARN_DEPRECATED_OBJC_IMPLEMENTATIONS = YES;
				CLANG_WARN_DIRECT_OBJC_ISA_USAGE = YES_ERROR;
				CLANG_WARN_DOCUMENTATION_COMMENTS = YES;
				CLANG_WARN_EMPTY_BODY = YES;
				CLANG_WARN_ENUM_CONVERSION = YES;
				CLANG_WARN_INFINITE_RECURSION = YES;
				CLANG_WARN_INT_CONVERSION = YES;
				CLANG_WARN_NON_LITERAL_NULL_CONVERSION = YES;
				CLANG_WARN_OBJC_IMPLICIT_RETAIN_SELF = YES;
				CLANG_WARN_OBJC_LITERAL_CONVERSION = YES;
				CLANG_WARN_OBJC_ROOT_CLASS = YES_ERROR;
				CLANG_WARN_QUOTED_INCLUDE_IN_FRAMEWORK_HEADER = YES;
				CLANG_WARN_RANGE_LOOP_ANALYSIS = YES;
				CLANG_WARN_STRICT_PROTOTYPES = YES;
				CLANG_WARN_SUSPICIOUS_MOVE = YES;
				CLANG_WARN_UNGUARDED_AVAILABILITY = YES_AGGRESSIVE;
				CLANG_WARN_UNREACHABLE_CODE = YES;
				CLANG_WARN__DUPLICATE_METHOD_MATCH = YES;
				COPY_PHASE_STRIP = NO;
				DEBUG_INFORMATION_FORMAT = "dwarf-with-dsym";
				ENABLE_NS_ASSERTIONS = NO;
				ENABLE_STRICT_OBJC_MSGSEND = YES;
				GCC_C_LANGUAGE_STANDARD = gnu11;
				GCC_NO_COMMON_BLOCKS = YES;
				GCC_WARN_64_TO_32_BIT_CONVERSION = YES;
				GCC_WARN_ABOUT_RETURN_TYPE = YES_ERROR;
				GCC_WARN_UNDECLARED_SELECTOR = YES;
				GCC_WARN_UNINITIALIZED_AUTOS = YES_AGGRESSIVE;
				GCC_WARN_UNUSED_FUNCTION = YES;
				GCC_WARN_UNUSED_VARIABLE = YES;
				IPHONEOS_DEPLOYMENT_TARGET = 14.4;
				MTL_ENABLE_DEBUG_INFO = NO;
				MTL_FAST_MATH = YES;
				SDKROOT = iphoneos;
				SWIFT_COMPILATION_MODE = wholemodule;
				SWIFT_OPTIMIZATION_LEVEL = "-O";
				VALIDATE_PRODUCT = YES;
			};
			name = Release;
		};
		BD15F70025E88B50002B0A0A /* Debug */ = {
			isa = XCBuildConfiguration;
			baseConfigurationReference = BB49901A899080EB776A65E9 /* Pods-AgoraSample.debug.xcconfig */;
			buildSettings = {
				ASSETCATALOG_COMPILER_APPICON_NAME = AppIcon;
				ASSETCATALOG_COMPILER_GLOBAL_ACCENT_COLOR_NAME = AccentColor;
				CODE_SIGN_STYLE = Automatic;
				DEVELOPMENT_ASSET_PATHS = "\"AgoraSample/Preview Content\"";
				DEVELOPMENT_TEAM = DKZ4T4EY3Y;
				ENABLE_PREVIEWS = YES;
				INFOPLIST_FILE = AgoraSample/Info.plist;
				LD_RUNPATH_SEARCH_PATHS = (
					"$(inherited)",
					"@executable_path/Frameworks",
				);
				PRODUCT_BUNDLE_IDENTIFIER = com.jerome.AgoraSample;
				PRODUCT_NAME = "$(TARGET_NAME)";
				SWIFT_VERSION = 5.0;
				TARGETED_DEVICE_FAMILY = "1,2";
			};
			name = Debug;
		};
		BD15F70125E88B50002B0A0A /* Release */ = {
			isa = XCBuildConfiguration;
			baseConfigurationReference = 927187BD3CFBAABBCC2BDC0E /* Pods-AgoraSample.release.xcconfig */;
			buildSettings = {
				ASSETCATALOG_COMPILER_APPICON_NAME = AppIcon;
				ASSETCATALOG_COMPILER_GLOBAL_ACCENT_COLOR_NAME = AccentColor;
				CODE_SIGN_STYLE = Automatic;
				DEVELOPMENT_ASSET_PATHS = "\"AgoraSample/Preview Content\"";
				DEVELOPMENT_TEAM = DKZ4T4EY3Y;
				ENABLE_PREVIEWS = YES;
				INFOPLIST_FILE = AgoraSample/Info.plist;
				LD_RUNPATH_SEARCH_PATHS = (
					"$(inherited)",
					"@executable_path/Frameworks",
				);
				PRODUCT_BUNDLE_IDENTIFIER = com.jerome.AgoraSample;
				PRODUCT_NAME = "$(TARGET_NAME)";
				SWIFT_VERSION = 5.0;
				TARGETED_DEVICE_FAMILY = "1,2";
			};
			name = Release;
		};
		BD15F70325E88B50002B0A0A /* Debug */ = {
			isa = XCBuildConfiguration;
			buildSettings = {
				ALWAYS_EMBED_SWIFT_STANDARD_LIBRARIES = YES;
				BUNDLE_LOADER = "$(TEST_HOST)";
				CODE_SIGN_STYLE = Automatic;
				DEVELOPMENT_TEAM = DKZ4T4EY3Y;
				INFOPLIST_FILE = AgoraSampleTests/Info.plist;
				IPHONEOS_DEPLOYMENT_TARGET = 14.4;
				LD_RUNPATH_SEARCH_PATHS = (
					"$(inherited)",
					"@executable_path/Frameworks",
					"@loader_path/Frameworks",
				);
				PRODUCT_BUNDLE_IDENTIFIER = com.jerome.AgoraSampleTests;
				PRODUCT_NAME = "$(TARGET_NAME)";
				SWIFT_VERSION = 5.0;
				TARGETED_DEVICE_FAMILY = "1,2";
				TEST_HOST = "$(BUILT_PRODUCTS_DIR)/AgoraSample.app/AgoraSample";
			};
			name = Debug;
		};
		BD15F70425E88B50002B0A0A /* Release */ = {
			isa = XCBuildConfiguration;
			buildSettings = {
				ALWAYS_EMBED_SWIFT_STANDARD_LIBRARIES = YES;
				BUNDLE_LOADER = "$(TEST_HOST)";
				CODE_SIGN_STYLE = Automatic;
				DEVELOPMENT_TEAM = DKZ4T4EY3Y;
				INFOPLIST_FILE = AgoraSampleTests/Info.plist;
				IPHONEOS_DEPLOYMENT_TARGET = 14.4;
				LD_RUNPATH_SEARCH_PATHS = (
					"$(inherited)",
					"@executable_path/Frameworks",
					"@loader_path/Frameworks",
				);
				PRODUCT_BUNDLE_IDENTIFIER = com.jerome.AgoraSampleTests;
				PRODUCT_NAME = "$(TARGET_NAME)";
				SWIFT_VERSION = 5.0;
				TARGETED_DEVICE_FAMILY = "1,2";
				TEST_HOST = "$(BUILT_PRODUCTS_DIR)/AgoraSample.app/AgoraSample";
			};
			name = Release;
		};
		BD15F70625E88B50002B0A0A /* Debug */ = {
			isa = XCBuildConfiguration;
			buildSettings = {
				ALWAYS_EMBED_SWIFT_STANDARD_LIBRARIES = YES;
				CODE_SIGN_STYLE = Automatic;
				DEVELOPMENT_TEAM = DKZ4T4EY3Y;
				INFOPLIST_FILE = AgoraSampleUITests/Info.plist;
				LD_RUNPATH_SEARCH_PATHS = (
					"$(inherited)",
					"@executable_path/Frameworks",
					"@loader_path/Frameworks",
				);
				PRODUCT_BUNDLE_IDENTIFIER = com.jerome.AgoraSampleUITests;
				PRODUCT_NAME = "$(TARGET_NAME)";
				SWIFT_VERSION = 5.0;
				TARGETED_DEVICE_FAMILY = "1,2";
				TEST_TARGET_NAME = AgoraSample;
			};
			name = Debug;
		};
		BD15F70725E88B50002B0A0A /* Release */ = {
			isa = XCBuildConfiguration;
			buildSettings = {
				ALWAYS_EMBED_SWIFT_STANDARD_LIBRARIES = YES;
				CODE_SIGN_STYLE = Automatic;
				DEVELOPMENT_TEAM = DKZ4T4EY3Y;
				INFOPLIST_FILE = AgoraSampleUITests/Info.plist;
				LD_RUNPATH_SEARCH_PATHS = (
					"$(inherited)",
					"@executable_path/Frameworks",
					"@loader_path/Frameworks",
				);
				PRODUCT_BUNDLE_IDENTIFIER = com.jerome.AgoraSampleUITests;
				PRODUCT_NAME = "$(TARGET_NAME)";
				SWIFT_VERSION = 5.0;
				TARGETED_DEVICE_FAMILY = "1,2";
				TEST_TARGET_NAME = AgoraSample;
			};
			name = Release;
		};
/* End XCBuildConfiguration section */

/* Begin XCConfigurationList section */
		BD15F6D025E88B4E002B0A0A /* Build configuration list for PBXProject "AgoraSample" */ = {
			isa = XCConfigurationList;
			buildConfigurations = (
				BD15F6FD25E88B50002B0A0A /* Debug */,
				BD15F6FE25E88B50002B0A0A /* Release */,
			);
			defaultConfigurationIsVisible = 0;
			defaultConfigurationName = Release;
		};
		BD15F6FF25E88B50002B0A0A /* Build configuration list for PBXNativeTarget "AgoraSample" */ = {
			isa = XCConfigurationList;
			buildConfigurations = (
				BD15F70025E88B50002B0A0A /* Debug */,
				BD15F70125E88B50002B0A0A /* Release */,
			);
			defaultConfigurationIsVisible = 0;
			defaultConfigurationName = Release;
		};
		BD15F70225E88B50002B0A0A /* Build configuration list for PBXNativeTarget "AgoraSampleTests" */ = {
			isa = XCConfigurationList;
			buildConfigurations = (
				BD15F70325E88B50002B0A0A /* Debug */,
				BD15F70425E88B50002B0A0A /* Release */,
			);
			defaultConfigurationIsVisible = 0;
			defaultConfigurationName = Release;
		};
		BD15F70525E88B50002B0A0A /* Build configuration list for PBXNativeTarget "AgoraSampleUITests" */ = {
			isa = XCConfigurationList;
			buildConfigurations = (
				BD15F70625E88B50002B0A0A /* Debug */,
				BD15F70725E88B50002B0A0A /* Release */,
			);
			defaultConfigurationIsVisible = 0;
			defaultConfigurationName = Release;
		};
/* End XCConfigurationList section */
	};
	rootObject = BD15F6CD25E88B4E002B0A0A /* Project object */;
}
